// !$*UTF8*$!
{
	archiveVersion = 1;
	classes = {
	};
	objectVersion = 52;
	objects = {

/* Begin PBXBuildFile section */
		C264EBB5272D88890055174D /* TriangleTip.swift in Sources */ = {isa = PBXBuildFile; fileRef = C264EBB4272D88890055174D /* TriangleTip.swift */; };
		C264EBB8272D95580055174D /* MensagensContainer.swift in Sources */ = {isa = PBXBuildFile; fileRef = C264EBB7272D95580055174D /* MensagensContainer.swift */; };
		C26F9D66272D6BE90018A840 /* Senac_3_projetoApp.swift in Sources */ = {isa = PBXBuildFile; fileRef = C26F9D65272D6BE90018A840 /* Senac_3_projetoApp.swift */; };
		C26F9D68272D6BE90018A840 /* ContentView.swift in Sources */ = {isa = PBXBuildFile; fileRef = C26F9D67272D6BE90018A840 /* ContentView.swift */; };
		C26F9D6A272D6BF00018A840 /* Assets.xcassets in Resources */ = {isa = PBXBuildFile; fileRef = C26F9D69272D6BF00018A840 /* Assets.xcassets */; };
		C26F9D6D272D6BF00018A840 /* Preview Assets.xcassets in Resources */ = {isa = PBXBuildFile; fileRef = C26F9D6C272D6BF00018A840 /* Preview Assets.xcassets */; };
		C26F9D77272D6D920018A840 /* Mensagem.swift in Sources */ = {isa = PBXBuildFile; fileRef = C26F9D76272D6D920018A840 /* Mensagem.swift */; };
		C26F9D7B272D6E060018A840 /* Usuario.swift in Sources */ = {isa = PBXBuildFile; fileRef = C26F9D7A272D6E060018A840 /* Usuario.swift */; };
		C26F9D7E272D6F5E0018A840 /* ContainerUsuarios.swift in Sources */ = {isa = PBXBuildFile; fileRef = C26F9D7D272D6F5E0018A840 /* ContainerUsuarios.swift */; };
		C26F9D81272D70460018A840 /* ContainerMensagens.swift in Sources */ = {isa = PBXBuildFile; fileRef = C26F9D80272D70460018A840 /* ContainerMensagens.swift */; };
		C26F9D86272D7C940018A840 /* MensagemView.swift in Sources */ = {isa = PBXBuildFile; fileRef = C26F9D85272D7C940018A840 /* MensagemView.swift */; };
		C280570C272DC7DD00DEBCC5 /* GoogleService-Info.plist in Resources */ = {isa = PBXBuildFile; fileRef = C280570B272DC7DD00DEBCC5 /* GoogleService-Info.plist */; };
		C2805733272DD0B900DEBCC5 /* FirebaseAuth in Frameworks */ = {isa = PBXBuildFile; productRef = C2805732272DD0B900DEBCC5 /* FirebaseAuth */; };
		C2805735272DD0B900DEBCC5 /* FirebaseFirestore in Frameworks */ = {isa = PBXBuildFile; productRef = C2805734272DD0B900DEBCC5 /* FirebaseFirestore */; };
		C2805737272DD0B900DEBCC5 /* FirebaseStorage in Frameworks */ = {isa = PBXBuildFile; productRef = C2805736272DD0B900DEBCC5 /* FirebaseStorage */; };
/* End PBXBuildFile section */

/* Begin PBXFileReference section */
		C264EBB4272D88890055174D /* TriangleTip.swift */ = {isa = PBXFileReference; lastKnownFileType = sourcecode.swift; path = TriangleTip.swift; sourceTree = "<group>"; };
		C264EBB7272D95580055174D /* MensagensContainer.swift */ = {isa = PBXFileReference; lastKnownFileType = sourcecode.swift; path = MensagensContainer.swift; sourceTree = "<group>"; };
		C26F9D62272D6BE80018A840 /* Senac-3-projeto.app */ = {isa = PBXFileReference; explicitFileType = wrapper.application; includeInIndex = 0; path = "Senac-3-projeto.app"; sourceTree = BUILT_PRODUCTS_DIR; };
		C26F9D65272D6BE90018A840 /* Senac_3_projetoApp.swift */ = {isa = PBXFileReference; lastKnownFileType = sourcecode.swift; path = Senac_3_projetoApp.swift; sourceTree = "<group>"; };
		C26F9D67272D6BE90018A840 /* ContentView.swift */ = {isa = PBXFileReference; lastKnownFileType = sourcecode.swift; path = ContentView.swift; sourceTree = "<group>"; };
		C26F9D69272D6BF00018A840 /* Assets.xcassets */ = {isa = PBXFileReference; lastKnownFileType = folder.assetcatalog; path = Assets.xcassets; sourceTree = "<group>"; };
		C26F9D6C272D6BF00018A840 /* Preview Assets.xcassets */ = {isa = PBXFileReference; lastKnownFileType = folder.assetcatalog; path = "Preview Assets.xcassets"; sourceTree = "<group>"; };
		C26F9D6E272D6BF00018A840 /* Info.plist */ = {isa = PBXFileReference; lastKnownFileType = text.plist.xml; path = Info.plist; sourceTree = "<group>"; };
		C26F9D76272D6D920018A840 /* Mensagem.swift */ = {isa = PBXFileReference; lastKnownFileType = sourcecode.swift; path = Mensagem.swift; sourceTree = "<group>"; };
		C26F9D7A272D6E060018A840 /* Usuario.swift */ = {isa = PBXFileReference; lastKnownFileType = sourcecode.swift; path = Usuario.swift; sourceTree = "<group>"; };
		C26F9D7D272D6F5E0018A840 /* ContainerUsuarios.swift */ = {isa = PBXFileReference; lastKnownFileType = sourcecode.swift; path = ContainerUsuarios.swift; sourceTree = "<group>"; };
		C26F9D80272D70460018A840 /* ContainerMensagens.swift */ = {isa = PBXFileReference; lastKnownFileType = sourcecode.swift; path = ContainerMensagens.swift; sourceTree = "<group>"; };
		C26F9D85272D7C940018A840 /* MensagemView.swift */ = {isa = PBXFileReference; lastKnownFileType = sourcecode.swift; path = MensagemView.swift; sourceTree = "<group>"; };
		C280570B272DC7DD00DEBCC5 /* GoogleService-Info.plist */ = {isa = PBXFileReference; fileEncoding = 4; lastKnownFileType = text.plist.xml; path = "GoogleService-Info.plist"; sourceTree = "<group>"; };
/* End PBXFileReference section */

/* Begin PBXFrameworksBuildPhase section */
		C26F9D5F272D6BE80018A840 /* Frameworks */ = {
			isa = PBXFrameworksBuildPhase;
			buildActionMask = 2147483647;
			files = (
				C2805733272DD0B900DEBCC5 /* FirebaseAuth in Frameworks */,
				C2805735272DD0B900DEBCC5 /* FirebaseFirestore in Frameworks */,
				C2805737272DD0B900DEBCC5 /* FirebaseStorage in Frameworks */,
			);
			runOnlyForDeploymentPostprocessing = 0;
		};
/* End PBXFrameworksBuildPhase section */

/* Begin PBXGroup section */
		C26F9D59272D6BE80018A840 = {
			isa = PBXGroup;
			children = (
				C26F9D64272D6BE80018A840 /* Senac-3-projeto */,
				C26F9D63272D6BE80018A840 /* Products */,
			);
			sourceTree = "<group>";
		};
		C26F9D63272D6BE80018A840 /* Products */ = {
			isa = PBXGroup;
			children = (
				C26F9D62272D6BE80018A840 /* Senac-3-projeto.app */,
			);
			name = Products;
			sourceTree = "<group>";
		};
		C26F9D64272D6BE80018A840 /* Senac-3-projeto */ = {
			isa = PBXGroup;
			children = (
				C26F9D83272D75A60018A840 /* View */,
				C26F9D75272D6D6C0018A840 /* Model */,
				C26F9D65272D6BE90018A840 /* Senac_3_projetoApp.swift */,
				C26F9D69272D6BF00018A840 /* Assets.xcassets */,
				C26F9D6E272D6BF00018A840 /* Info.plist */,
				C280570B272DC7DD00DEBCC5 /* GoogleService-Info.plist */,
				C26F9D6B272D6BF00018A840 /* Preview Content */,
			);
			path = "Senac-3-projeto";
			sourceTree = "<group>";
		};
		C26F9D6B272D6BF00018A840 /* Preview Content */ = {
			isa = PBXGroup;
			children = (
				C26F9D6C272D6BF00018A840 /* Preview Assets.xcassets */,
			);
			path = "Preview Content";
			sourceTree = "<group>";
		};
		C26F9D75272D6D6C0018A840 /* Model */ = {
			isa = PBXGroup;
			children = (
				C26F9D76272D6D920018A840 /* Mensagem.swift */,
				C26F9D7A272D6E060018A840 /* Usuario.swift */,
				C26F9D7D272D6F5E0018A840 /* ContainerUsuarios.swift */,
				C26F9D80272D70460018A840 /* ContainerMensagens.swift */,
			);
			path = Model;
			sourceTree = "<group>";
		};
		C26F9D83272D75A60018A840 /* View */ = {
			isa = PBXGroup;
			children = (
				C26F9D67272D6BE90018A840 /* ContentView.swift */,
				C26F9D85272D7C940018A840 /* MensagemView.swift */,
				C264EBB4272D88890055174D /* TriangleTip.swift */,
				C264EBB7272D95580055174D /* MensagensContainer.swift */,
			);
			path = View;
			sourceTree = "<group>";
		};
/* End PBXGroup section */

/* Begin PBXNativeTarget section */
		C26F9D61272D6BE80018A840 /* Senac-3-projeto */ = {
			isa = PBXNativeTarget;
			buildConfigurationList = C26F9D71272D6BF00018A840 /* Build configuration list for PBXNativeTarget "Senac-3-projeto" */;
			buildPhases = (
				C26F9D5E272D6BE80018A840 /* Sources */,
				C26F9D5F272D6BE80018A840 /* Frameworks */,
				C26F9D60272D6BE80018A840 /* Resources */,
			);
			buildRules = (
			);
			dependencies = (
			);
			name = "Senac-3-projeto";
			packageProductDependencies = (
				C2805732272DD0B900DEBCC5 /* FirebaseAuth */,
				C2805734272DD0B900DEBCC5 /* FirebaseFirestore */,
				C2805736272DD0B900DEBCC5 /* FirebaseStorage */,
			);
			productName = "Senac-3-projeto";
			productReference = C26F9D62272D6BE80018A840 /* Senac-3-projeto.app */;
			productType = "com.apple.product-type.application";
		};
/* End PBXNativeTarget section */

/* Begin PBXProject section */
		C26F9D5A272D6BE80018A840 /* Project object */ = {
			isa = PBXProject;
			attributes = {
				LastSwiftUpdateCheck = 1220;
				LastUpgradeCheck = 1220;
				TargetAttributes = {
					C26F9D61272D6BE80018A840 = {
						CreatedOnToolsVersion = 12.2;
					};
				};
			};
			buildConfigurationList = C26F9D5D272D6BE80018A840 /* Build configuration list for PBXProject "Senac-3-projeto" */;
			compatibilityVersion = "Xcode 9.3";
			developmentRegion = en;
			hasScannedForEncodings = 0;
			knownRegions = (
				en,
				Base,
			);
			mainGroup = C26F9D59272D6BE80018A840;
			packageReferences = (
				C2805731272DD0B900DEBCC5 /* XCRemoteSwiftPackageReference "firebase-ios-sdk" */,
			);
			productRefGroup = C26F9D63272D6BE80018A840 /* Products */;
			projectDirPath = "";
			projectRoot = "";
			targets = (
				C26F9D61272D6BE80018A840 /* Senac-3-projeto */,
			);
		};
/* End PBXProject section */

/* Begin PBXResourcesBuildPhase section */
		C26F9D60272D6BE80018A840 /* Resources */ = {
			isa = PBXResourcesBuildPhase;
			buildActionMask = 2147483647;
			files = (
				C26F9D6D272D6BF00018A840 /* Preview Assets.xcassets in Resources */,
				C26F9D6A272D6BF00018A840 /* Assets.xcassets in Resources */,
				C280570C272DC7DD00DEBCC5 /* GoogleService-Info.plist in Resources */,
			);
			runOnlyForDeploymentPostprocessing = 0;
		};
/* End PBXResourcesBuildPhase section */

/* Begin PBXSourcesBuildPhase section */
		C26F9D5E272D6BE80018A840 /* Sources */ = {
			isa = PBXSourcesBuildPhase;
			buildActionMask = 2147483647;
			files = (
				C26F9D7B272D6E060018A840 /* Usuario.swift in Sources */,
				C26F9D86272D7C940018A840 /* MensagemView.swift in Sources */,
				C26F9D81272D70460018A840 /* ContainerMensagens.swift in Sources */,
				C26F9D68272D6BE90018A840 /* ContentView.swift in Sources */,
				C26F9D66272D6BE90018A840 /* Senac_3_projetoApp.swift in Sources */,
				C26F9D7E272D6F5E0018A840 /* ContainerUsuarios.swift in Sources */,
				C26F9D77272D6D920018A840 /* Mensagem.swift in Sources */,
				C264EBB5272D88890055174D /* TriangleTip.swift in Sources */,
				C264EBB8272D95580055174D /* MensagensContainer.swift in Sources */,
			);
			runOnlyForDeploymentPostprocessing = 0;
		};
/* End PBXSourcesBuildPhase section */

/* Begin XCBuildConfiguration section */
		C26F9D6F272D6BF00018A840 /* Debug */ = {
			isa = XCBuildConfiguration;
			buildSettings = {
				ALWAYS_SEARCH_USER_PATHS = NO;
				CLANG_ANALYZER_NONNULL = YES;
				CLANG_ANALYZER_NUMBER_OBJECT_CONVERSION = YES_AGGRESSIVE;
				CLANG_CXX_LANGUAGE_STANDARD = "gnu++14";
				CLANG_CXX_LIBRARY = "libc++";
				CLANG_ENABLE_MODULES = YES;
				CLANG_ENABLE_OBJC_ARC = YES;
				CLANG_ENABLE_OBJC_WEAK = YES;
				CLANG_WARN_BLOCK_CAPTURE_AUTORELEASING = YES;
				CLANG_WARN_BOOL_CONVERSION = YES;
				CLANG_WARN_COMMA = YES;
				CLANG_WARN_CONSTANT_CONVERSION = YES;
				CLANG_WARN_DEPRECATED_OBJC_IMPLEMENTATIONS = YES;
				CLANG_WARN_DIRECT_OBJC_ISA_USAGE = YES_ERROR;
				CLANG_WARN_DOCUMENTATION_COMMENTS = YES;
				CLANG_WARN_EMPTY_BODY = YES;
				CLANG_WARN_ENUM_CONVERSION = YES;
				CLANG_WARN_INFINITE_RECURSION = YES;
				CLANG_WARN_INT_CONVERSION = YES;
				CLANG_WARN_NON_LITERAL_NULL_CONVERSION = YES;
				CLANG_WARN_OBJC_IMPLICIT_RETAIN_SELF = YES;
				CLANG_WARN_OBJC_LITERAL_CONVERSION = YES;
				CLANG_WARN_OBJC_ROOT_CLASS = YES_ERROR;
				CLANG_WARN_QUOTED_INCLUDE_IN_FRAMEWORK_HEADER = YES;
				CLANG_WARN_RANGE_LOOP_ANALYSIS = YES;
				CLANG_WARN_STRICT_PROTOTYPES = YES;
				CLANG_WARN_SUSPICIOUS_MOVE = YES;
				CLANG_WARN_UNGUARDED_AVAILABILITY = YES_AGGRESSIVE;
				CLANG_WARN_UNREACHABLE_CODE = YES;
				CLANG_WARN__DUPLICATE_METHOD_MATCH = YES;
				COPY_PHASE_STRIP = NO;
				DEBUG_INFORMATION_FORMAT = dwarf;
				ENABLE_STRICT_OBJC_MSGSEND = YES;
				ENABLE_TESTABILITY = YES;
				GCC_C_LANGUAGE_STANDARD = gnu11;
				GCC_DYNAMIC_NO_PIC = NO;
				GCC_NO_COMMON_BLOCKS = YES;
				GCC_OPTIMIZATION_LEVEL = 0;
				GCC_PREPROCESSOR_DEFINITIONS = (
					"DEBUG=1",
					"$(inherited)",
				);
				GCC_WARN_64_TO_32_BIT_CONVERSION = YES;
				GCC_WARN_ABOUT_RETURN_TYPE = YES_ERROR;
				GCC_WARN_UNDECLARED_SELECTOR = YES;
				GCC_WARN_UNINITIALIZED_AUTOS = YES_AGGRESSIVE;
				GCC_WARN_UNUSED_FUNCTION = YES;
				GCC_WARN_UNUSED_VARIABLE = YES;
				IPHONEOS_DEPLOYMENT_TARGET = 14.2;
				MTL_ENABLE_DEBUG_INFO = INCLUDE_SOURCE;
				MTL_FAST_MATH = YES;
				ONLY_ACTIVE_ARCH = YES;
				SDKROOT = iphoneos;
				SWIFT_ACTIVE_COMPILATION_CONDITIONS = DEBUG;
				SWIFT_OPTIMIZATION_LEVEL = "-Onone";
			};
			name = Debug;
		};
		C26F9D70272D6BF00018A840 /* Release */ = {
			isa = XCBuildConfiguration;
			buildSettings = {
				ALWAYS_SEARCH_USER_PATHS = NO;
				CLANG_ANALYZER_NONNULL = YES;
				CLANG_ANALYZER_NUMBER_OBJECT_CONVERSION = YES_AGGRESSIVE;
				CLANG_CXX_LANGUAGE_STANDARD = "gnu++14";
				CLANG_CXX_LIBRARY = "libc++";
				CLANG_ENABLE_MODULES = YES;
				CLANG_ENABLE_OBJC_ARC = YES;
				CLANG_ENABLE_OBJC_WEAK = YES;
				CLANG_WARN_BLOCK_CAPTURE_AUTORELEASING = YES;
				CLANG_WARN_BOOL_CONVERSION = YES;
				CLANG_WARN_COMMA = YES;
				CLANG_WARN_CONSTANT_CONVERSION = YES;
				CLANG_WARN_DEPRECATED_OBJC_IMPLEMENTATIONS = YES;
				CLANG_WARN_DIRECT_OBJC_ISA_USAGE = YES_ERROR;
				CLANG_WARN_DOCUMENTATION_COMMENTS = YES;
				CLANG_WARN_EMPTY_BODY = YES;
				CLANG_WARN_ENUM_CONVERSION = YES;
				CLANG_WARN_INFINITE_RECURSION = YES;
				CLANG_WARN_INT_CONVERSION = YES;
				CLANG_WARN_NON_LITERAL_NULL_CONVERSION = YES;
				CLANG_WARN_OBJC_IMPLICIT_RETAIN_SELF = YES;
				CLANG_WARN_OBJC_LITERAL_CONVERSION = YES;
				CLANG_WARN_OBJC_ROOT_CLASS = YES_ERROR;
				CLANG_WARN_QUOTED_INCLUDE_IN_FRAMEWORK_HEADER = YES;
				CLANG_WARN_RANGE_LOOP_ANALYSIS = YES;
				CLANG_WARN_STRICT_PROTOTYPES = YES;
				CLANG_WARN_SUSPICIOUS_MOVE = YES;
				CLANG_WARN_UNGUARDED_AVAILABILITY = YES_AGGRESSIVE;
				CLANG_WARN_UNREACHABLE_CODE = YES;
				CLANG_WARN__DUPLICATE_METHOD_MATCH = YES;
				COPY_PHASE_STRIP = NO;
				DEBUG_INFORMATION_FORMAT = "dwarf-with-dsym";
				ENABLE_NS_ASSERTIONS = NO;
				ENABLE_STRICT_OBJC_MSGSEND = YES;
				GCC_C_LANGUAGE_STANDARD = gnu11;
				GCC_NO_COMMON_BLOCKS = YES;
				GCC_WARN_64_TO_32_BIT_CONVERSION = YES;
				GCC_WARN_ABOUT_RETURN_TYPE = YES_ERROR;
				GCC_WARN_UNDECLARED_SELECTOR = YES;
				GCC_WARN_UNINITIALIZED_AUTOS = YES_AGGRESSIVE;
				GCC_WARN_UNUSED_FUNCTION = YES;
				GCC_WARN_UNUSED_VARIABLE = YES;
				IPHONEOS_DEPLOYMENT_TARGET = 14.2;
				MTL_ENABLE_DEBUG_INFO = NO;
				MTL_FAST_MATH = YES;
				SDKROOT = iphoneos;
				SWIFT_COMPILATION_MODE = wholemodule;
				SWIFT_OPTIMIZATION_LEVEL = "-O";
				VALIDATE_PRODUCT = YES;
			};
			name = Release;
		};
		C26F9D72272D6BF00018A840 /* Debug */ = {
			isa = XCBuildConfiguration;
			buildSettings = {
				ASSETCATALOG_COMPILER_APPICON_NAME = AppIcon;
				ASSETCATALOG_COMPILER_GLOBAL_ACCENT_COLOR_NAME = AccentColor;
				CODE_SIGN_STYLE = Automatic;
				DEVELOPMENT_ASSET_PATHS = "\"Senac-3-projeto/Preview Content\"";
				ENABLE_PREVIEWS = YES;
				INFOPLIST_FILE = "Senac-3-projeto/Info.plist";
				IPHONEOS_DEPLOYMENT_TARGET = 14.0;
				LD_RUNPATH_SEARCH_PATHS = (
					"$(inherited)",
					"@executable_path/Frameworks",
				);
				PRODUCT_BUNDLE_IDENTIFIER = "br.com.rafael.Senac-3-projeto";
				PRODUCT_NAME = "$(TARGET_NAME)";
				SWIFT_VERSION = 5.0;
				TARGETED_DEVICE_FAMILY = "1,2";
			};
			name = Debug;
		};
		C26F9D73272D6BF00018A840 /* Release */ = {
			isa = XCBuildConfiguration;
			buildSettings = {
				ASSETCATALOG_COMPILER_APPICON_NAME = AppIcon;
				ASSETCATALOG_COMPILER_GLOBAL_ACCENT_COLOR_NAME = AccentColor;
				CODE_SIGN_STYLE = Automatic;
				DEVELOPMENT_ASSET_PATHS = "\"Senac-3-projeto/Preview Content\"";
				ENABLE_PREVIEWS = YES;
				INFOPLIST_FILE = "Senac-3-projeto/Info.plist";
				IPHONEOS_DEPLOYMENT_TARGET = 14.0;
				LD_RUNPATH_SEARCH_PATHS = (
					"$(inherited)",
					"@executable_path/Frameworks",
				);
				PRODUCT_BUNDLE_IDENTIFIER = "br.com.rafael.Senac-3-projeto";
				PRODUCT_NAME = "$(TARGET_NAME)";
				SWIFT_VERSION = 5.0;
				TARGETED_DEVICE_FAMILY = "1,2";
			};
			name = Release;
		};
/* End XCBuildConfiguration section */

/* Begin XCConfigurationList section */
		C26F9D5D272D6BE80018A840 /* Build configuration list for PBXProject "Senac-3-projeto" */ = {
			isa = XCConfigurationList;
			buildConfigurations = (
				C26F9D6F272D6BF00018A840 /* Debug */,
				C26F9D70272D6BF00018A840 /* Release */,
			);
			defaultConfigurationIsVisible = 0;
			defaultConfigurationName = Release;
		};
		C26F9D71272D6BF00018A840 /* Build configuration list for PBXNativeTarget "Senac-3-projeto" */ = {
			isa = XCConfigurationList;
			buildConfigurations = (
				C26F9D72272D6BF00018A840 /* Debug */,
				C26F9D73272D6BF00018A840 /* Release */,
			);
			defaultConfigurationIsVisible = 0;
			defaultConfigurationName = Release;
		};
/* End XCConfigurationList section */

/* Begin XCRemoteSwiftPackageReference section */
		C2805731272DD0B900DEBCC5 /* XCRemoteSwiftPackageReference "firebase-ios-sdk" */ = {
			isa = XCRemoteSwiftPackageReference;
			repositoryURL = "https://github.com/firebase/firebase-ios-sdk";
			requirement = {
				kind = upToNextMajorVersion;
				minimumVersion = 8.9.0;
			};
		};
/* End XCRemoteSwiftPackageReference section */

/* Begin XCSwiftPackageProductDependency section */
		C2805732272DD0B900DEBCC5 /* FirebaseAuth */ = {
			isa = XCSwiftPackageProductDependency;
			package = C2805731272DD0B900DEBCC5 /* XCRemoteSwiftPackageReference "firebase-ios-sdk" */;
			productName = FirebaseAuth;
		};
		C2805734272DD0B900DEBCC5 /* FirebaseFirestore */ = {
			isa = XCSwiftPackageProductDependency;
			package = C2805731272DD0B900DEBCC5 /* XCRemoteSwiftPackageReference "firebase-ios-sdk" */;
			productName = FirebaseFirestore;
		};
		C2805736272DD0B900DEBCC5 /* FirebaseStorage */ = {
			isa = XCSwiftPackageProductDependency;
			package = C2805731272DD0B900DEBCC5 /* XCRemoteSwiftPackageReference "firebase-ios-sdk" */;
			productName = FirebaseStorage;
		};
/* End XCSwiftPackageProductDependency section */
	};
	rootObject = C26F9D5A272D6BE80018A840 /* Project object */;
}
